
Microsoft Visual Studio Solution File, Format Version 12.00
# Visual Studio Version 16
VisualStudioVersion = 16.0.31515.178
MinimumVisualStudioVersion = 10.0.40219.1
Project("{FAE04EC0-301F-11D3-BF4B-00C04F79EFBC}") = "Modbus", "Modbus\Modbus.csproj", "{BEFE3DD0-85BA-4BBD-8256-F9B5DC4BBAA2}"
EndProject
Global
	GlobalSection(SolutionConfigurationPlatforms) = preSolution
		Debug|Any CPU = Debug|Any CPU
		Release|Any CPU = Release|Any CPU
	EndGlobalSection
	GlobalSection(ProjectConfigurationPlatforms) = postSolution
		{BEFE3DD0-85BA-4BBD-8256-F9B5DC4BBAA2}.Debug|Any CPU.ActiveCfg = Debug|Any CPU
		{BEFE3DD0-85BA-4BBD-8256-F9B5DC4BBAA2}.Debug|Any CPU.Build.0 = Debug|Any CPU
		{BEFE3DD0-85BA-4BBD-8256-F9B5DC4BBAA2}.Release|Any CPU.ActiveCfg = Release|Any CPU
		{BEFE3DD0-85BA-4BBD-8256-F9B5DC4BBAA2}.Release|Any CPU.Build.0 = Release|Any CPU
	EndGlobalSection
	GlobalSection(SolutionProperties) = preSolution
		HideSolutionNode = FALSE
	EndGlobalSection
	GlobalSection(ExtensibilityGlobals) = postSolution
		SolutionGuid = {CB80E5E9-4596-47DC-A800-85B7D46CC4A7}
	EndGlobalSection
EndGlobal
